
Microsoft Visual Studio Solution File, Format Version 12.00
# Visual Studio Version 16
VisualStudioVersion = 16.0.30611.23
MinimumVisualStudioVersion = 10.0.40219.1
Project("{2150E333-8FDC-42A3-9474-1A3956D46DE8}") = "src", "src", "{8AE5D912-97F5-42D7-BE2D-4790D6BF9009}"
EndProject
Project("{2150E333-8FDC-42A3-9474-1A3956D46DE8}") = "api", "api", "{C8DE211B-B2D9-46B0-A019-0EB1688D766D}"
EndProject
Project("{2150E333-8FDC-42A3-9474-1A3956D46DE8}") = "ui", "ui", "{730E62BD-659A-4786-872F-560A6546E52E}"
EndProject
Project("{9A19103F-16F7-4668-BE54-9A1E7A4F7556}") = "EShopper.Api", "EShopper.Api\EShopper.Api.csproj", "{6CA20705-A472-40C7-A7AE-9445DDD419A2}"
EndProject
Project("{9A19103F-16F7-4668-BE54-9A1E7A4F7556}") = "EShopper.Contracts", "EShopper.Contracts\EShopper.Contracts.csproj", "{ABB7395B-30A7-4D32-BE28-3EF0F338DB65}"
EndProject
Project("{9A19103F-16F7-4668-BE54-9A1E7A4F7556}") = "EShopper.DataAccess", "EShopper.DataAccess\EShopper.DataAccess.csproj", "{9D94761F-F6D2-4B3E-BF1C-B8381FF159A5}"
EndProject
Project("{9A19103F-16F7-4668-BE54-9A1E7A4F7556}") = "EShopper.Entities", "EShopper.Entities\EShopper.Entities.csproj", "{A5428AE0-9D72-439E-884F-B7EF9ADA45E9}"
EndProject
Project("{9A19103F-16F7-4668-BE54-9A1E7A4F7556}") = "EShopper.Business", "EShopper.Business\EShopper.Business.csproj", "{1889995F-A34B-4C1D-93B9-D4C9DE869363}"
EndProject
Project("{9A19103F-16F7-4668-BE54-9A1E7A4F7556}") = "EShopper.Core", "EShopper.Core\EShopper.Core.csproj", "{1550FC82-D3B1-4F5D-A98D-05B8E0D20265}"
EndProject
Project("{9A19103F-16F7-4668-BE54-9A1E7A4F7556}") = "EShopper.Common", "EShopper.Common\EShopper.Common.csproj", "{A9D95FF5-EC3B-4337-9B73-523BD2DE1671}"
EndProject
Project("{9A19103F-16F7-4668-BE54-9A1E7A4F7556}") = "EShopper.Infrastructure", "EShopper.Infrastructure\EShopper.Infrastructure.csproj", "{BE2151DC-B642-482C-B787-07DE05BEBCE9}"
EndProject
Project("{9A19103F-16F7-4668-BE54-9A1E7A4F7556}") = "EShopper.UI", "EShopper.UI\EShopper.UI.csproj", "{A38311E6-50B0-4164-8D17-83F8C7EF66C5}"
EndProject
Project("{FAE04EC0-301F-11D3-BF4B-00C04F79EFBC}") = "EShopper.Dto", "EShopper.Dto\EShopper.Dto.csproj", "{73DFA73F-9C2C-47EA-9D3F-E00DF0B81038}"
EndProject
Project("{FAE04EC0-301F-11D3-BF4B-00C04F79EFBC}") = "EShopper.ApiService", "EShopper.ApiService\EShopper.ApiService.csproj", "{BF9F0ABE-B130-4A1B-9978-36C496A56CBD}"
EndProject
Project("{FAE04EC0-301F-11D3-BF4B-00C04F79EFBC}") = "EShopper.ApiContracts", "EShopper.ApiContracts\EShopper.ApiContracts.csproj", "{01C26670-E020-4A5E-ADBC-8DDBD8E8009C}"
EndProject
Project("{FAE04EC0-301F-11D3-BF4B-00C04F79EFBC}") = "EShopper.ApiDto", "EShopper.ApiDto\EShopper.ApiDto.csproj", "{90B7F308-91C0-45E4-A4B7-BDAF7B911BF7}"
EndProject
Global
	GlobalSection(SolutionConfigurationPlatforms) = preSolution
		Debug|Any CPU = Debug|Any CPU
		Release|Any CPU = Release|Any CPU
	EndGlobalSection
	GlobalSection(ProjectConfigurationPlatforms) = postSolution
		{6CA20705-A472-40C7-A7AE-9445DDD419A2}.Debug|Any CPU.ActiveCfg = Debug|Any CPU
		{6CA20705-A472-40C7-A7AE-9445DDD419A2}.Debug|Any CPU.Build.0 = Debug|Any CPU
		{6CA20705-A472-40C7-A7AE-9445DDD419A2}.Release|Any CPU.ActiveCfg = Release|Any CPU
		{6CA20705-A472-40C7-A7AE-9445DDD419A2}.Release|Any CPU.Build.0 = Release|Any CPU
		{ABB7395B-30A7-4D32-BE28-3EF0F338DB65}.Debug|Any CPU.ActiveCfg = Debug|Any CPU
		{ABB7395B-30A7-4D32-BE28-3EF0F338DB65}.Debug|Any CPU.Build.0 = Debug|Any CPU
		{ABB7395B-30A7-4D32-BE28-3EF0F338DB65}.Release|Any CPU.ActiveCfg = Release|Any CPU
		{ABB7395B-30A7-4D32-BE28-3EF0F338DB65}.Release|Any CPU.Build.0 = Release|Any CPU
		{9D94761F-F6D2-4B3E-BF1C-B8381FF159A5}.Debug|Any CPU.ActiveCfg = Debug|Any CPU
		{9D94761F-F6D2-4B3E-BF1C-B8381FF159A5}.Debug|Any CPU.Build.0 = Debug|Any CPU
		{9D94761F-F6D2-4B3E-BF1C-B8381FF159A5}.Release|Any CPU.ActiveCfg = Release|Any CPU
		{9D94761F-F6D2-4B3E-BF1C-B8381FF159A5}.Release|Any CPU.Build.0 = Release|Any CPU
		{A5428AE0-9D72-439E-884F-B7EF9ADA45E9}.Debug|Any CPU.ActiveCfg = Debug|Any CPU
		{A5428AE0-9D72-439E-884F-B7EF9ADA45E9}.Debug|Any CPU.Build.0 = Debug|Any CPU
		{A5428AE0-9D72-439E-884F-B7EF9ADA45E9}.Release|Any CPU.ActiveCfg = Release|Any CPU
		{A5428AE0-9D72-439E-884F-B7EF9ADA45E9}.Release|Any CPU.Build.0 = Release|Any CPU
		{1889995F-A34B-4C1D-93B9-D4C9DE869363}.Debug|Any CPU.ActiveCfg = Debug|Any CPU
		{1889995F-A34B-4C1D-93B9-D4C9DE869363}.Debug|Any CPU.Build.0 = Debug|Any CPU
		{1889995F-A34B-4C1D-93B9-D4C9DE869363}.Release|Any CPU.ActiveCfg = Release|Any CPU
		{1889995F-A34B-4C1D-93B9-D4C9DE869363}.Release|Any CPU.Build.0 = Release|Any CPU
		{1550FC82-D3B1-4F5D-A98D-05B8E0D20265}.Debug|Any CPU.ActiveCfg = Debug|Any CPU
		{1550FC82-D3B1-4F5D-A98D-05B8E0D20265}.Debug|Any CPU.Build.0 = Debug|Any CPU
		{1550FC82-D3B1-4F5D-A98D-05B8E0D20265}.Release|Any CPU.ActiveCfg = Release|Any CPU
		{1550FC82-D3B1-4F5D-A98D-05B8E0D20265}.Release|Any CPU.Build.0 = Release|Any CPU
		{A9D95FF5-EC3B-4337-9B73-523BD2DE1671}.Debug|Any CPU.ActiveCfg = Debug|Any CPU
		{A9D95FF5-EC3B-4337-9B73-523BD2DE1671}.Debug|Any CPU.Build.0 = Debug|Any CPU
		{A9D95FF5-EC3B-4337-9B73-523BD2DE1671}.Release|Any CPU.ActiveCfg = Release|Any CPU
		{A9D95FF5-EC3B-4337-9B73-523BD2DE1671}.Release|Any CPU.Build.0 = Release|Any CPU
		{BE2151DC-B642-482C-B787-07DE05BEBCE9}.Debug|Any CPU.ActiveCfg = Debug|Any CPU
		{BE2151DC-B642-482C-B787-07DE05BEBCE9}.Debug|Any CPU.Build.0 = Debug|Any CPU
		{BE2151DC-B642-482C-B787-07DE05BEBCE9}.Release|Any CPU.ActiveCfg = Release|Any CPU
		{BE2151DC-B642-482C-B787-07DE05BEBCE9}.Release|Any CPU.Build.0 = Release|Any CPU
		{A38311E6-50B0-4164-8D17-83F8C7EF66C5}.Debug|Any CPU.ActiveCfg = Debug|Any CPU
		{A38311E6-50B0-4164-8D17-83F8C7EF66C5}.Debug|Any CPU.Build.0 = Debug|Any CPU
		{A38311E6-50B0-4164-8D17-83F8C7EF66C5}.Release|Any CPU.ActiveCfg = Release|Any CPU
		{A38311E6-50B0-4164-8D17-83F8C7EF66C5}.Release|Any CPU.Build.0 = Release|Any CPU
		{73DFA73F-9C2C-47EA-9D3F-E00DF0B81038}.Debug|Any CPU.ActiveCfg = Debug|Any CPU
		{73DFA73F-9C2C-47EA-9D3F-E00DF0B81038}.Debug|Any CPU.Build.0 = Debug|Any CPU
		{73DFA73F-9C2C-47EA-9D3F-E00DF0B81038}.Release|Any CPU.ActiveCfg = Release|Any CPU
		{73DFA73F-9C2C-47EA-9D3F-E00DF0B81038}.Release|Any CPU.Build.0 = Release|Any CPU
		{BF9F0ABE-B130-4A1B-9978-36C496A56CBD}.Debug|Any CPU.ActiveCfg = Debug|Any CPU
		{BF9F0ABE-B130-4A1B-9978-36C496A56CBD}.Debug|Any CPU.Build.0 = Debug|Any CPU
		{BF9F0ABE-B130-4A1B-9978-36C496A56CBD}.Release|Any CPU.ActiveCfg = Release|Any CPU
		{BF9F0ABE-B130-4A1B-9978-36C496A56CBD}.Release|Any CPU.Build.0 = Release|Any CPU
		{01C26670-E020-4A5E-ADBC-8DDBD8E8009C}.Debug|Any CPU.ActiveCfg = Debug|Any CPU
		{01C26670-E020-4A5E-ADBC-8DDBD8E8009C}.Debug|Any CPU.Build.0 = Debug|Any CPU
		{01C26670-E020-4A5E-ADBC-8DDBD8E8009C}.Release|Any CPU.ActiveCfg = Release|Any CPU
		{01C26670-E020-4A5E-ADBC-8DDBD8E8009C}.Release|Any CPU.Build.0 = Release|Any CPU
		{90B7F308-91C0-45E4-A4B7-BDAF7B911BF7}.Debug|Any CPU.ActiveCfg = Debug|Any CPU
		{90B7F308-91C0-45E4-A4B7-BDAF7B911BF7}.Debug|Any CPU.Build.0 = Debug|Any CPU
		{90B7F308-91C0-45E4-A4B7-BDAF7B911BF7}.Release|Any CPU.ActiveCfg = Release|Any CPU
		{90B7F308-91C0-45E4-A4B7-BDAF7B911BF7}.Release|Any CPU.Build.0 = Release|Any CPU
	EndGlobalSection
	GlobalSection(SolutionProperties) = preSolution
		HideSolutionNode = FALSE
	EndGlobalSection
	GlobalSection(NestedProjects) = preSolution
		{C8DE211B-B2D9-46B0-A019-0EB1688D766D} = {8AE5D912-97F5-42D7-BE2D-4790D6BF9009}
		{730E62BD-659A-4786-872F-560A6546E52E} = {8AE5D912-97F5-42D7-BE2D-4790D6BF9009}
		{6CA20705-A472-40C7-A7AE-9445DDD419A2} = {C8DE211B-B2D9-46B0-A019-0EB1688D766D}
		{ABB7395B-30A7-4D32-BE28-3EF0F338DB65} = {C8DE211B-B2D9-46B0-A019-0EB1688D766D}
		{9D94761F-F6D2-4B3E-BF1C-B8381FF159A5} = {C8DE211B-B2D9-46B0-A019-0EB1688D766D}
		{A5428AE0-9D72-439E-884F-B7EF9ADA45E9} = {C8DE211B-B2D9-46B0-A019-0EB1688D766D}
		{1889995F-A34B-4C1D-93B9-D4C9DE869363} = {C8DE211B-B2D9-46B0-A019-0EB1688D766D}
		{1550FC82-D3B1-4F5D-A98D-05B8E0D20265} = {C8DE211B-B2D9-46B0-A019-0EB1688D766D}
		{A9D95FF5-EC3B-4337-9B73-523BD2DE1671} = {C8DE211B-B2D9-46B0-A019-0EB1688D766D}
		{BE2151DC-B642-482C-B787-07DE05BEBCE9} = {C8DE211B-B2D9-46B0-A019-0EB1688D766D}
		{A38311E6-50B0-4164-8D17-83F8C7EF66C5} = {730E62BD-659A-4786-872F-560A6546E52E}
		{73DFA73F-9C2C-47EA-9D3F-E00DF0B81038} = {C8DE211B-B2D9-46B0-A019-0EB1688D766D}
		{BF9F0ABE-B130-4A1B-9978-36C496A56CBD} = {730E62BD-659A-4786-872F-560A6546E52E}
		{01C26670-E020-4A5E-ADBC-8DDBD8E8009C} = {730E62BD-659A-4786-872F-560A6546E52E}
		{90B7F308-91C0-45E4-A4B7-BDAF7B911BF7} = {730E62BD-659A-4786-872F-560A6546E52E}
	EndGlobalSection
	GlobalSection(ExtensibilityGlobals) = postSolution
		SolutionGuid = {EF89CA32-75E8-4B11-B292-FE1CDC45780E}
	EndGlobalSection
EndGlobal
